{
  "name": "9boxer",
  "lockfileVersion": 3,
  "requires": true,
  "packages": {
    "": {
      "dependencies": {
        "sips": "^1.0.3"
      }
    },
    "node_modules/sips": {
      "version": "1.0.3",
      "resolved": "https://registry.npmjs.org/sips/-/sips-1.0.3.tgz",
      "integrity": "sha512-KE10i2rn6XUKIkHyFbWWXbnxKYlkeJVGGORG47+Y2PBfZi42kPoMjsBTUQXh2v1muw5jPtWurZfbheqmabU/Rg==",
      "license": "MIT",
      "engines": {
        "node": ">=0.10"
      }
    }
  }
}
